// !$*UTF8*$!
{
	archiveVersion = 1;
	classes = {
	};
	objectVersion = 51;
	objects = {

/* Begin PBXBuildFile section */
		6F02F7E72627963200E017CF /* SigninViewModel.swift in Sources */ = {isa = PBXBuildFile; fileRef = 6F02F7E62627963200E017CF /* SigninViewModel.swift */; };
		6F02F7E926279C8C00E017CF /* Validator.swift in Sources */ = {isa = PBXBuildFile; fileRef = 6F02F7E826279C8B00E017CF /* Validator.swift */; };
		6F0E4DB5264DA4340001C566 /* Nunito Light.ttf in Resources */ = {isa = PBXBuildFile; fileRef = 6F0E4DB4264DA4330001C566 /* Nunito Light.ttf */; };
		6F1B79E126257EE70049C34E /* ChooseAccountVC.swift in Sources */ = {isa = PBXBuildFile; fileRef = 6F1B79E026257EE70049C34E /* ChooseAccountVC.swift */; };
		6F1B79E326257F000049C34E /* ChooseAccountView.swift in Sources */ = {isa = PBXBuildFile; fileRef = 6F1B79E226257F000049C34E /* ChooseAccountView.swift */; };
		6F1B79E626257F260049C34E /* Choose.storyboard in Resources */ = {isa = PBXBuildFile; fileRef = 6F1B79E526257F260049C34E /* Choose.storyboard */; };
		6F259EF72624C7A700C8125B /* FontManager.swift in Sources */ = {isa = PBXBuildFile; fileRef = 6F259EF62624C7A700C8125B /* FontManager.swift */; };
		6F259EFC2624C89B00C8125B /* Library 3 am soft.otf in Resources */ = {isa = PBXBuildFile; fileRef = 6F259EF82624C89B00C8125B /* Library 3 am soft.otf */; };
		6F259EFD2624C89B00C8125B /* nunito-regular_[allfont.net].ttf in Resources */ = {isa = PBXBuildFile; fileRef = 6F259EF92624C89B00C8125B /* nunito-regular_[allfont.net].ttf */; };
		6F259EFE2624C89B00C8125B /* Library 3 am.otf in Resources */ = {isa = PBXBuildFile; fileRef = 6F259EFA2624C89B00C8125B /* Library 3 am.otf */; };
		6F259EFF2624C89B00C8125B /* Nunito-SemiBold.ttf in Resources */ = {isa = PBXBuildFile; fileRef = 6F259EFB2624C89B00C8125B /* Nunito-SemiBold.ttf */; };
		6F2CC8222627203800CBC638 /* UIViewControllerr+SetNavigation.swift in Sources */ = {isa = PBXBuildFile; fileRef = 6F2CC8212627203800CBC638 /* UIViewControllerr+SetNavigation.swift */; };
		6F4E62FA263068DC000B276D /* ForgatePassword.storyboard in Resources */ = {isa = PBXBuildFile; fileRef = 6F4E62F9263068DC000B276D /* ForgatePassword.storyboard */; };
		6F4E62FD26306BCE000B276D /* ForgetPasswordVC.swift in Sources */ = {isa = PBXBuildFile; fileRef = 6F4E62FC26306BCE000B276D /* ForgetPasswordVC.swift */; };
		6F4E62FF26306BF5000B276D /* ForgetPasswordView.swift in Sources */ = {isa = PBXBuildFile; fileRef = 6F4E62FE26306BF5000B276D /* ForgetPasswordView.swift */; };
		6F4E630226308913000B276D /* VerificationCodeView'.swift in Sources */ = {isa = PBXBuildFile; fileRef = 6F4E630126308913000B276D /* VerificationCodeView'.swift */; };
		6F4E63042630893D000B276D /* VerificationCodeVC.swift in Sources */ = {isa = PBXBuildFile; fileRef = 6F4E63032630893D000B276D /* VerificationCodeVC.swift */; };
		6F5CF4942622334F003B88DD /* color.txt in Resources */ = {isa = PBXBuildFile; fileRef = 6F5CF4932622334F003B88DD /* color.txt */; };
		6F5CF49C2622344E003B88DD /* Colors.swift in Sources */ = {isa = PBXBuildFile; fileRef = 6F5CF49B2622344D003B88DD /* Colors.swift */; };
		6F5CF49E26223473003B88DD /* AssetsManager.swift in Sources */ = {isa = PBXBuildFile; fileRef = 6F5CF49D26223473003B88DD /* AssetsManager.swift */; };
		6F5CF4A52622378A003B88DD /* APIRouter.swift in Sources */ = {isa = PBXBuildFile; fileRef = 6F5CF4A326223789003B88DD /* APIRouter.swift */; };
		6F5CF4A62622378A003B88DD /* APIManager.swift in Sources */ = {isa = PBXBuildFile; fileRef = 6F5CF4A42622378A003B88DD /* APIManager.swift */; };
		6F5CF4A826223896003B88DD /* Constants.swift in Sources */ = {isa = PBXBuildFile; fileRef = 6F5CF4A726223895003B88DD /* Constants.swift */; };
		6F92352F2622270D00C45F4B /* AppDelegate.swift in Sources */ = {isa = PBXBuildFile; fileRef = 6F92352E2622270D00C45F4B /* AppDelegate.swift */; };
		6F9235332622270D00C45F4B /* ViewController.swift in Sources */ = {isa = PBXBuildFile; fileRef = 6F9235322622270D00C45F4B /* ViewController.swift */; };
		6F9235382622270E00C45F4B /* Assets.xcassets in Resources */ = {isa = PBXBuildFile; fileRef = 6F9235372622270E00C45F4B /* Assets.xcassets */; };
		6F92353B2622270E00C45F4B /* LaunchScreen.storyboard in Resources */ = {isa = PBXBuildFile; fileRef = 6F9235392622270E00C45F4B /* LaunchScreen.storyboard */; };
		6F92354926222A4000C45F4B /* UIButton+SetCommon.swift in Sources */ = {isa = PBXBuildFile; fileRef = 6F92354826222A4000C45F4B /* UIButton+SetCommon.swift */; };
		6F92354F26222A7B00C45F4B /* UIViewController+Alert.swift in Sources */ = {isa = PBXBuildFile; fileRef = 6F92354C26222A7A00C45F4B /* UIViewController+Alert.swift */; };
		6F92355026222A7B00C45F4B /* UIViewController+Create.swift in Sources */ = {isa = PBXBuildFile; fileRef = 6F92354D26222A7B00C45F4B /* UIViewController+Create.swift */; };
		6F92355426222C0800C45F4B /* UIColor+ConvertHex.swift in Sources */ = {isa = PBXBuildFile; fileRef = 6F92355326222C0800C45F4B /* UIColor+ConvertHex.swift */; };
		6F92355726222C5600C45F4B /* TextFiled+Padding.swift in Sources */ = {isa = PBXBuildFile; fileRef = 6F92355626222C5600C45F4B /* TextFiled+Padding.swift */; };
		6FA37BF12A0A5DDA0064DE91 /* UINotificationsCenter+Check .swift in Sources */ = {isa = PBXBuildFile; fileRef = 6FA37BF02A0A5DDA0064DE91 /* UINotificationsCenter+Check .swift */; };
		6FA37BF52A0A721F0064DE91 /* Strings.swift in Sources */ = {isa = PBXBuildFile; fileRef = 6FA37BF42A0A721F0064DE91 /* Strings.swift */; };
		6FB365C7263217B700DDA501 /* ForgetPasswordViewModel.swift in Sources */ = {isa = PBXBuildFile; fileRef = 6FB365C6263217B700DDA501 /* ForgetPasswordViewModel.swift */; };
		6FC7EB9C29D9B42F001E64EE /* Auth.storyboard in Resources */ = {isa = PBXBuildFile; fileRef = 6FC7EB9E29D9B42F001E64EE /* Auth.storyboard */; };
		6FC95AF426373B3E00D0CEAC /* SignupIndividualVC.swift in Sources */ = {isa = PBXBuildFile; fileRef = 6FC95AF326373B3E00D0CEAC /* SignupIndividualVC.swift */; };
		6FC95AF626373B6B00D0CEAC /* SignupIndividualView.swift in Sources */ = {isa = PBXBuildFile; fileRef = 6FC95AF526373B6B00D0CEAC /* SignupIndividualView.swift */; };
		6FD88D6626389FA300479DF0 /* SignupWorkViewModel.swift in Sources */ = {isa = PBXBuildFile; fileRef = 6FD88D6526389FA300479DF0 /* SignupWorkViewModel.swift */; };
		6FD88D682638B75100479DF0 /* ScrollView+upToEmptyViewController.swift in Sources */ = {isa = PBXBuildFile; fileRef = 6FD88D672638B75100479DF0 /* ScrollView+upToEmptyViewController.swift */; };
		6FD88D6A2638BF3200479DF0 /* SignupIndividualViewModel.swift in Sources */ = {isa = PBXBuildFile; fileRef = 6FD88D692638BF3200479DF0 /* SignupIndividualViewModel.swift */; };
		6FDE3E462634AA530017B885 /* SignupWorkView.swift in Sources */ = {isa = PBXBuildFile; fileRef = 6FDE3E452634AA530017B885 /* SignupWorkView.swift */; };
		6FDE3E482634AA7C0017B885 /* SignupWorkVC.swift in Sources */ = {isa = PBXBuildFile; fileRef = 6FDE3E472634AA7C0017B885 /* SignupWorkVC.swift */; };
		6FDECC10262865A200A6F284 /* Map.storyboard in Resources */ = {isa = PBXBuildFile; fileRef = 6FDECC0F262865A200A6F284 /* Map.storyboard */; };
		6FDECC132628674800A6F284 /* MapVC.swift in Sources */ = {isa = PBXBuildFile; fileRef = 6FDECC122628674800A6F284 /* MapVC.swift */; };
		6FDECC152628675300A6F284 /* MapExtension.swift in Sources */ = {isa = PBXBuildFile; fileRef = 6FDECC142628675300A6F284 /* MapExtension.swift */; };
		6FE929D32623098400C525DB /* SignInView.swift in Sources */ = {isa = PBXBuildFile; fileRef = 6FE929D22623098400C525DB /* SignInView.swift */; };
		6FE929D52623099E00C525DB /* SigninVC.swift in Sources */ = {isa = PBXBuildFile; fileRef = 6FE929D42623099E00C525DB /* SigninVC.swift */; };
		6FEE11B82626195000633C4F /* SignupStoreView.swift in Sources */ = {isa = PBXBuildFile; fileRef = 6FEE11B72626195000633C4F /* SignupStoreView.swift */; };
		6FEE11BA2626198900633C4F /* SignupStoreVC.swift in Sources */ = {isa = PBXBuildFile; fileRef = 6FEE11B92626198900633C4F /* SignupStoreVC.swift */; };
		6FF032F12631FAE000660BFE /* ResetPasswordVC.swift in Sources */ = {isa = PBXBuildFile; fileRef = 6FF032F02631FAE000660BFE /* ResetPasswordVC.swift */; };
		6FF032F32631FAF900660BFE /* ResetPasswordView.swift in Sources */ = {isa = PBXBuildFile; fileRef = 6FF032F22631FAF900660BFE /* ResetPasswordView.swift */; };
		6FF032F62631FB8300660BFE /* ResetPassword.storyboard in Resources */ = {isa = PBXBuildFile; fileRef = 6FF032F52631FB8300660BFE /* ResetPassword.storyboard */; };
		6FF32D022625A25A003DE090 /* Nunito Bold.ttf in Resources */ = {isa = PBXBuildFile; fileRef = 6FF32D012625A25A003DE090 /* Nunito Bold.ttf */; };
		6FF604452622546E0019627F /* Localizable.strings in Resources */ = {isa = PBXBuildFile; fileRef = 6FF604472622546E0019627F /* Localizable.strings */; };
		6FFEBCF3262EE1C700B77997 /* SignupStoreViewModel.swift in Sources */ = {isa = PBXBuildFile; fileRef = 6FFEBCF2262EE1C700B77997 /* SignupStoreViewModel.swift */; };
		7739E96C5AB97A9B05B1EE92 /* Pods_Salek.framework in Frameworks */ = {isa = PBXBuildFile; fileRef = 087BBCC9BA32856E7D36F2BD /* Pods_Salek.framework */; };
/* End PBXBuildFile section */

/* Begin PBXFileReference section */
		087BBCC9BA32856E7D36F2BD /* Pods_Salek.framework */ = {isa = PBXFileReference; explicitFileType = wrapper.framework; includeInIndex = 0; path = Pods_Salek.framework; sourceTree = BUILT_PRODUCTS_DIR; };
		6F02F7E62627963200E017CF /* SigninViewModel.swift */ = {isa = PBXFileReference; lastKnownFileType = sourcecode.swift; path = SigninViewModel.swift; sourceTree = "<group>"; };
		6F02F7E826279C8B00E017CF /* Validator.swift */ = {isa = PBXFileReference; fileEncoding = 4; lastKnownFileType = sourcecode.swift; path = Validator.swift; sourceTree = "<group>"; };
		6F0E4DB4264DA4330001C566 /* Nunito Light.ttf */ = {isa = PBXFileReference; lastKnownFileType = file; path = "Nunito Light.ttf"; sourceTree = "<group>"; };
		6F1B79E026257EE70049C34E /* ChooseAccountVC.swift */ = {isa = PBXFileReference; lastKnownFileType = sourcecode.swift; path = ChooseAccountVC.swift; sourceTree = "<group>"; };
		6F1B79E226257F000049C34E /* ChooseAccountView.swift */ = {isa = PBXFileReference; lastKnownFileType = sourcecode.swift; path = ChooseAccountView.swift; sourceTree = "<group>"; };
		6F1B79E526257F260049C34E /* Choose.storyboard */ = {isa = PBXFileReference; lastKnownFileType = file.storyboard; path = Choose.storyboard; sourceTree = "<group>"; };
		6F259EF62624C7A700C8125B /* FontManager.swift */ = {isa = PBXFileReference; fileEncoding = 4; lastKnownFileType = sourcecode.swift; path = FontManager.swift; sourceTree = "<group>"; };
		6F259EF82624C89B00C8125B /* Library 3 am soft.otf */ = {isa = PBXFileReference; lastKnownFileType = file; path = "Library 3 am soft.otf"; sourceTree = "<group>"; };
		6F259EF92624C89B00C8125B /* nunito-regular_[allfont.net].ttf */ = {isa = PBXFileReference; lastKnownFileType = file; path = "nunito-regular_[allfont.net].ttf"; sourceTree = "<group>"; };
		6F259EFA2624C89B00C8125B /* Library 3 am.otf */ = {isa = PBXFileReference; lastKnownFileType = file; path = "Library 3 am.otf"; sourceTree = "<group>"; };
		6F259EFB2624C89B00C8125B /* Nunito-SemiBold.ttf */ = {isa = PBXFileReference; lastKnownFileType = file; path = "Nunito-SemiBold.ttf"; sourceTree = "<group>"; };
		6F2CC8212627203800CBC638 /* UIViewControllerr+SetNavigation.swift */ = {isa = PBXFileReference; lastKnownFileType = sourcecode.swift; path = "UIViewControllerr+SetNavigation.swift"; sourceTree = "<group>"; };
		6F3EB20029D721A5002BA532 /* ar */ = {isa = PBXFileReference; lastKnownFileType = text.plist.strings; name = ar; path = ar.lproj/Localizable.strings; sourceTree = "<group>"; };
		6F4E62F9263068DC000B276D /* ForgatePassword.storyboard */ = {isa = PBXFileReference; lastKnownFileType = file.storyboard; path = ForgatePassword.storyboard; sourceTree = "<group>"; };
		6F4E62FC26306BCE000B276D /* ForgetPasswordVC.swift */ = {isa = PBXFileReference; lastKnownFileType = sourcecode.swift; path = ForgetPasswordVC.swift; sourceTree = "<group>"; };
		6F4E62FE26306BF5000B276D /* ForgetPasswordView.swift */ = {isa = PBXFileReference; lastKnownFileType = sourcecode.swift; path = ForgetPasswordView.swift; sourceTree = "<group>"; };
		6F4E630126308913000B276D /* VerificationCodeView'.swift */ = {isa = PBXFileReference; lastKnownFileType = sourcecode.swift; path = "VerificationCodeView'.swift"; sourceTree = "<group>"; };
		6F4E63032630893D000B276D /* VerificationCodeVC.swift */ = {isa = PBXFileReference; lastKnownFileType = sourcecode.swift; path = VerificationCodeVC.swift; sourceTree = "<group>"; };
		6F5CF4932622334F003B88DD /* color.txt */ = {isa = PBXFileReference; fileEncoding = 4; lastKnownFileType = text; path = color.txt; sourceTree = "<group>"; };
		6F5CF49B2622344D003B88DD /* Colors.swift */ = {isa = PBXFileReference; fileEncoding = 4; lastKnownFileType = sourcecode.swift; path = Colors.swift; sourceTree = "<group>"; };
		6F5CF49D26223473003B88DD /* AssetsManager.swift */ = {isa = PBXFileReference; fileEncoding = 4; lastKnownFileType = sourcecode.swift; path = AssetsManager.swift; sourceTree = "<group>"; };
		6F5CF4A326223789003B88DD /* APIRouter.swift */ = {isa = PBXFileReference; fileEncoding = 4; lastKnownFileType = sourcecode.swift; path = APIRouter.swift; sourceTree = "<group>"; };
		6F5CF4A42622378A003B88DD /* APIManager.swift */ = {isa = PBXFileReference; fileEncoding = 4; lastKnownFileType = sourcecode.swift; path = APIManager.swift; sourceTree = "<group>"; };
		6F5CF4A726223895003B88DD /* Constants.swift */ = {isa = PBXFileReference; fileEncoding = 4; lastKnownFileType = sourcecode.swift; path = Constants.swift; sourceTree = "<group>"; };
		6F6193FF29DC6683009E9ACE /* en */ = {isa = PBXFileReference; lastKnownFileType = file.storyboard; name = en; path = en.lproj/Auth.storyboard; sourceTree = "<group>"; };
		6F61940029DC6684009E9ACE /* en */ = {isa = PBXFileReference; lastKnownFileType = file.storyboard; name = en; path = en.lproj/LaunchScreen.storyboard; sourceTree = "<group>"; };
		6F7611AE29F2DE560096B718 /* Info.plist */ = {isa = PBXFileReference; fileEncoding = 4; lastKnownFileType = text.plist.xml; path = Info.plist; sourceTree = "<group>"; };
		6F92352B2622270D00C45F4B /* Salek.app */ = {isa = PBXFileReference; explicitFileType = wrapper.application; includeInIndex = 0; path = Salek.app; sourceTree = BUILT_PRODUCTS_DIR; };
		6F92352E2622270D00C45F4B /* AppDelegate.swift */ = {isa = PBXFileReference; lastKnownFileType = sourcecode.swift; path = AppDelegate.swift; sourceTree = "<group>"; };
		6F9235322622270D00C45F4B /* ViewController.swift */ = {isa = PBXFileReference; lastKnownFileType = sourcecode.swift; path = ViewController.swift; sourceTree = "<group>"; };
		6F9235372622270E00C45F4B /* Assets.xcassets */ = {isa = PBXFileReference; lastKnownFileType = folder.assetcatalog; path = Assets.xcassets; sourceTree = "<group>"; };
		6F92354826222A4000C45F4B /* UIButton+SetCommon.swift */ = {isa = PBXFileReference; fileEncoding = 4; lastKnownFileType = sourcecode.swift; path = "UIButton+SetCommon.swift"; sourceTree = "<group>"; };
		6F92354C26222A7A00C45F4B /* UIViewController+Alert.swift */ = {isa = PBXFileReference; fileEncoding = 4; lastKnownFileType = sourcecode.swift; path = "UIViewController+Alert.swift"; sourceTree = "<group>"; };
		6F92354D26222A7B00C45F4B /* UIViewController+Create.swift */ = {isa = PBXFileReference; fileEncoding = 4; lastKnownFileType = sourcecode.swift; path = "UIViewController+Create.swift"; sourceTree = "<group>"; };
		6F92355326222C0800C45F4B /* UIColor+ConvertHex.swift */ = {isa = PBXFileReference; fileEncoding = 4; lastKnownFileType = sourcecode.swift; path = "UIColor+ConvertHex.swift"; sourceTree = "<group>"; };
		6F92355626222C5600C45F4B /* TextFiled+Padding.swift */ = {isa = PBXFileReference; fileEncoding = 4; lastKnownFileType = sourcecode.swift; path = "TextFiled+Padding.swift"; sourceTree = "<group>"; };
		6FA37BF02A0A5DDA0064DE91 /* UINotificationsCenter+Check .swift */ = {isa = PBXFileReference; lastKnownFileType = sourcecode.swift; path = "UINotificationsCenter+Check .swift"; sourceTree = "<group>"; };
		6FA37BF42A0A721F0064DE91 /* Strings.swift */ = {isa = PBXFileReference; fileEncoding = 4; lastKnownFileType = sourcecode.swift; path = Strings.swift; sourceTree = "<group>"; };
		6FB365C6263217B700DDA501 /* ForgetPasswordViewModel.swift */ = {isa = PBXFileReference; lastKnownFileType = sourcecode.swift; path = ForgetPasswordViewModel.swift; sourceTree = "<group>"; };
		6FC7EB9F29D9B7E5001E64EE /* ar */ = {isa = PBXFileReference; lastKnownFileType = file.storyboard; name = ar; path = ar.lproj/Auth.storyboard; sourceTree = "<group>"; };
		6FC95AF326373B3E00D0CEAC /* SignupIndividualVC.swift */ = {isa = PBXFileReference; lastKnownFileType = sourcecode.swift; path = SignupIndividualVC.swift; sourceTree = "<group>"; };
		6FC95AF526373B6B00D0CEAC /* SignupIndividualView.swift */ = {isa = PBXFileReference; lastKnownFileType = sourcecode.swift; path = SignupIndividualView.swift; sourceTree = "<group>"; };
		6FD88D6526389FA300479DF0 /* SignupWorkViewModel.swift */ = {isa = PBXFileReference; lastKnownFileType = sourcecode.swift; path = SignupWorkViewModel.swift; sourceTree = "<group>"; };
		6FD88D672638B75100479DF0 /* ScrollView+upToEmptyViewController.swift */ = {isa = PBXFileReference; lastKnownFileType = sourcecode.swift; path = "ScrollView+upToEmptyViewController.swift"; sourceTree = "<group>"; };
		6FD88D692638BF3200479DF0 /* SignupIndividualViewModel.swift */ = {isa = PBXFileReference; lastKnownFileType = sourcecode.swift; path = SignupIndividualViewModel.swift; sourceTree = "<group>"; };
		6FDE3E452634AA530017B885 /* SignupWorkView.swift */ = {isa = PBXFileReference; lastKnownFileType = sourcecode.swift; path = SignupWorkView.swift; sourceTree = "<group>"; };
		6FDE3E472634AA7C0017B885 /* SignupWorkVC.swift */ = {isa = PBXFileReference; lastKnownFileType = sourcecode.swift; path = SignupWorkVC.swift; sourceTree = "<group>"; };
		6FDECC0F262865A200A6F284 /* Map.storyboard */ = {isa = PBXFileReference; lastKnownFileType = file.storyboard; path = Map.storyboard; sourceTree = "<group>"; };
		6FDECC122628674800A6F284 /* MapVC.swift */ = {isa = PBXFileReference; fileEncoding = 4; lastKnownFileType = sourcecode.swift; path = MapVC.swift; sourceTree = "<group>"; };
		6FDECC142628675300A6F284 /* MapExtension.swift */ = {isa = PBXFileReference; fileEncoding = 4; lastKnownFileType = sourcecode.swift; path = MapExtension.swift; sourceTree = "<group>"; };
		6FE929D22623098400C525DB /* SignInView.swift */ = {isa = PBXFileReference; lastKnownFileType = sourcecode.swift; path = SignInView.swift; sourceTree = "<group>"; };
		6FE929D42623099E00C525DB /* SigninVC.swift */ = {isa = PBXFileReference; lastKnownFileType = sourcecode.swift; path = SigninVC.swift; sourceTree = "<group>"; };
		6FEE11B72626195000633C4F /* SignupStoreView.swift */ = {isa = PBXFileReference; lastKnownFileType = sourcecode.swift; path = SignupStoreView.swift; sourceTree = "<group>"; };
		6FEE11B92626198900633C4F /* SignupStoreVC.swift */ = {isa = PBXFileReference; lastKnownFileType = sourcecode.swift; path = SignupStoreVC.swift; sourceTree = "<group>"; };
		6FF032F02631FAE000660BFE /* ResetPasswordVC.swift */ = {isa = PBXFileReference; lastKnownFileType = sourcecode.swift; path = ResetPasswordVC.swift; sourceTree = "<group>"; };
		6FF032F22631FAF900660BFE /* ResetPasswordView.swift */ = {isa = PBXFileReference; lastKnownFileType = sourcecode.swift; path = ResetPasswordView.swift; sourceTree = "<group>"; };
		6FF032F52631FB8300660BFE /* ResetPassword.storyboard */ = {isa = PBXFileReference; lastKnownFileType = file.storyboard; path = ResetPassword.storyboard; sourceTree = "<group>"; };
		6FF32D012625A25A003DE090 /* Nunito Bold.ttf */ = {isa = PBXFileReference; lastKnownFileType = file; path = "Nunito Bold.ttf"; sourceTree = "<group>"; };
		6FF604462622546E0019627F /* en */ = {isa = PBXFileReference; lastKnownFileType = text.plist.strings; name = en; path = en.lproj/Localizable.strings; sourceTree = "<group>"; };
		6FFEBCF2262EE1C700B77997 /* SignupStoreViewModel.swift */ = {isa = PBXFileReference; lastKnownFileType = sourcecode.swift; path = SignupStoreViewModel.swift; sourceTree = "<group>"; };
		B0DD8BF21FC3227E2FD10D36 /* Pods-Salek.debug.xcconfig */ = {isa = PBXFileReference; includeInIndex = 1; lastKnownFileType = text.xcconfig; name = "Pods-Salek.debug.xcconfig"; path = "Target Support Files/Pods-Salek/Pods-Salek.debug.xcconfig"; sourceTree = "<group>"; };
		E6CFBD317FE3BF08E24C4696 /* Pods-Salek.release.xcconfig */ = {isa = PBXFileReference; includeInIndex = 1; lastKnownFileType = text.xcconfig; name = "Pods-Salek.release.xcconfig"; path = "Target Support Files/Pods-Salek/Pods-Salek.release.xcconfig"; sourceTree = "<group>"; };
/* End PBXFileReference section */

/* Begin PBXFrameworksBuildPhase section */
		6F9235282622270D00C45F4B /* Frameworks */ = {
			isa = PBXFrameworksBuildPhase;
			buildActionMask = 2147483647;
			files = (
				7739E96C5AB97A9B05B1EE92 /* Pods_Salek.framework in Frameworks */,
			);
			runOnlyForDeploymentPostprocessing = 0;
		};
/* End PBXFrameworksBuildPhase section */

/* Begin PBXGroup section */
		6F1B79DF26257EB00049C34E /* ChooseAccount */ = {
			isa = PBXGroup;
			children = (
				6F1B79E026257EE70049C34E /* ChooseAccountVC.swift */,
				6F1B79E226257F000049C34E /* ChooseAccountView.swift */,
			);
			path = ChooseAccount;
			sourceTree = "<group>";
		};
		6F1B79E426257F0F0049C34E /* ChooseAccount */ = {
			isa = PBXGroup;
			children = (
				6F1B79E526257F260049C34E /* Choose.storyboard */,
			);
			path = ChooseAccount;
			sourceTree = "<group>";
		};
		6F4E62F826306879000B276D /* Forget Password */ = {
			isa = PBXGroup;
			children = (
				6F4E62F9263068DC000B276D /* ForgatePassword.storyboard */,
			);
			path = "Forget Password";
			sourceTree = "<group>";
		};
		6F4E62FB26306B83000B276D /* ForgetPassword */ = {
			isa = PBXGroup;
			children = (
				6F4E62FC26306BCE000B276D /* ForgetPasswordVC.swift */,
				6F4E62FE26306BF5000B276D /* ForgetPasswordView.swift */,
				6F4E6300263088E7000B276D /* VerificationCode  */,
			);
			path = ForgetPassword;
			sourceTree = "<group>";
		};
		6F4E6300263088E7000B276D /* VerificationCode  */ = {
			isa = PBXGroup;
			children = (
				6F4E63032630893D000B276D /* VerificationCodeVC.swift */,
				6F4E630126308913000B276D /* VerificationCodeView'.swift */,
			);
			path = "VerificationCode ";
			sourceTree = "<group>";
		};
		6F5CF490262230A3003B88DD /* Colors */ = {
			isa = PBXGroup;
			children = (
				6F5CF49B2622344D003B88DD /* Colors.swift */,
				6F5CF4932622334F003B88DD /* color.txt */,
			);
			path = Colors;
			sourceTree = "<group>";
		};
		6F5CF491262230B6003B88DD /* Fonts */ = {
			isa = PBXGroup;
			children = (
				6FF32D012625A25A003DE090 /* Nunito Bold.ttf */,
				6F259EF82624C89B00C8125B /* Library 3 am soft.otf */,
				6F259EFA2624C89B00C8125B /* Library 3 am.otf */,
				6F259EF92624C89B00C8125B /* nunito-regular_[allfont.net].ttf */,
				6F259EFB2624C89B00C8125B /* Nunito-SemiBold.ttf */,
				6F0E4DB4264DA4330001C566 /* Nunito Light.ttf */,
				6F259EF62624C7A700C8125B /* FontManager.swift */,
			);
			path = Fonts;
			sourceTree = "<group>";
		};
		6F5CF492262230E4003B88DD /* Strings */ = {
			isa = PBXGroup;
			children = (
				6FA37BF42A0A721F0064DE91 /* Strings.swift */,
				6FF604472622546E0019627F /* Localizable.strings */,
			);
			path = Strings;
			sourceTree = "<group>";
		};
		6F9235222622270D00C45F4B = {
			isa = PBXGroup;
			children = (
				6F92352D2622270D00C45F4B /* Salek */,
				6F92352C2622270D00C45F4B /* Products */,
				A3AA8E4639B7190B8FAA5101 /* Pods */,
				7F8C7E0E77DCA15420E67A41 /* Frameworks */,
			);
			sourceTree = "<group>";
		};
		6F92352C2622270D00C45F4B /* Products */ = {
			isa = PBXGroup;
			children = (
				6F92352B2622270D00C45F4B /* Salek.app */,
			);
			name = Products;
			sourceTree = "<group>";
		};
		6F92352D2622270D00C45F4B /* Salek */ = {
			isa = PBXGroup;
			children = (
				6F9235422622290700C45F4B /* Shared */,
				6F9235432622295F00C45F4B /* Networking */,
				6F923544262229A500C45F4B /* Manager */,
				6F02F7E826279C8B00E017CF /* Validator.swift */,
				6F923545262229C500C45F4B /* Utilities */,
				6F923546262229E800C45F4B /* Extension */,
				6F92355926222CAA00C45F4B /* Model */,
				6FE929D02623093F00C525DB /* View */,
				6F92355B26222D0B00C45F4B /* ViewModel */,
				6F9235322622270D00C45F4B /* ViewController.swift */,
				6F92355C26222D8500C45F4B /* Resources */,
				6F9235392622270E00C45F4B /* LaunchScreen.storyboard */,
				6F7611AE29F2DE560096B718 /* Info.plist */,
			);
			path = Salek;
			sourceTree = "<group>";
		};
		6F9235422622290700C45F4B /* Shared */ = {
			isa = PBXGroup;
			children = (
				6F92352E2622270D00C45F4B /* AppDelegate.swift */,
			);
			path = Shared;
			sourceTree = "<group>";
		};
		6F9235432622295F00C45F4B /* Networking */ = {
			isa = PBXGroup;
			children = (
				6F5CF4A42622378A003B88DD /* APIManager.swift */,
				6F5CF4A326223789003B88DD /* APIRouter.swift */,
			);
			path = Networking;
			sourceTree = "<group>";
		};
		6F923544262229A500C45F4B /* Manager */ = {
			isa = PBXGroup;
			children = (
			);
			path = Manager;
			sourceTree = "<group>";
		};
		6F923545262229C500C45F4B /* Utilities */ = {
			isa = PBXGroup;
			children = (
				6F5CF4A726223895003B88DD /* Constants.swift */,
			);
			path = Utilities;
			sourceTree = "<group>";
		};
		6F923546262229E800C45F4B /* Extension */ = {
			isa = PBXGroup;
			children = (
				6FA37BEF2A0A5D580064DE91 /* UINotificationsCenter  */,
				6F92354726222A2700C45F4B /* UIButton */,
				6F92354A26222A5300C45F4B /* UIViewController */,
				6F92355126222AEC00C45F4B /* UIView */,
				6F92355226222B4500C45F4B /* UIColor */,
				6F92355526222C2700C45F4B /* UITextField */,
				6F92355826222C8C00C45F4B /* UILabel */,
			);
			path = Extension;
			sourceTree = "<group>";
		};
		6F92354726222A2700C45F4B /* UIButton */ = {
			isa = PBXGroup;
			children = (
				6F92354826222A4000C45F4B /* UIButton+SetCommon.swift */,
			);
			path = UIButton;
			sourceTree = "<group>";
		};
		6F92354A26222A5300C45F4B /* UIViewController */ = {
			isa = PBXGroup;
			children = (
				6F92354C26222A7A00C45F4B /* UIViewController+Alert.swift */,
				6F92354D26222A7B00C45F4B /* UIViewController+Create.swift */,
				6F2CC8212627203800CBC638 /* UIViewControllerr+SetNavigation.swift */,
				6FD88D672638B75100479DF0 /* ScrollView+upToEmptyViewController.swift */,
			);
			path = UIViewController;
			sourceTree = "<group>";
		};
		6F92355126222AEC00C45F4B /* UIView */ = {
			isa = PBXGroup;
			children = (
			);
			path = UIView;
			sourceTree = "<group>";
		};
		6F92355226222B4500C45F4B /* UIColor */ = {
			isa = PBXGroup;
			children = (
				6F92355326222C0800C45F4B /* UIColor+ConvertHex.swift */,
			);
			path = UIColor;
			sourceTree = "<group>";
		};
		6F92355526222C2700C45F4B /* UITextField */ = {
			isa = PBXGroup;
			children = (
				6F92355626222C5600C45F4B /* TextFiled+Padding.swift */,
			);
			path = UITextField;
			sourceTree = "<group>";
		};
		6F92355826222C8C00C45F4B /* UILabel */ = {
			isa = PBXGroup;
			children = (
			);
			path = UILabel;
			sourceTree = "<group>";
		};
		6F92355926222CAA00C45F4B /* Model */ = {
			isa = PBXGroup;
			children = (
				6F92355A26222CFC00C45F4B /* View */,
			);
			path = Model;
			sourceTree = "<group>";
		};
		6F92355A26222CFC00C45F4B /* View */ = {
			isa = PBXGroup;
			children = (
			);
			path = View;
			sourceTree = "<group>";
		};
		6F92355B26222D0B00C45F4B /* ViewModel */ = {
			isa = PBXGroup;
			children = (
				6F02F7E62627963200E017CF /* SigninViewModel.swift */,
				6FFEBCF2262EE1C700B77997 /* SignupStoreViewModel.swift */,
				6FB365C6263217B700DDA501 /* ForgetPasswordViewModel.swift */,
				6FD88D6526389FA300479DF0 /* SignupWorkViewModel.swift */,
				6FD88D692638BF3200479DF0 /* SignupIndividualViewModel.swift */,
			);
			path = ViewModel;
			sourceTree = "<group>";
		};
		6F92355C26222D8500C45F4B /* Resources */ = {
			isa = PBXGroup;
			children = (
				6F5CF492262230E4003B88DD /* Strings */,
				6F5CF490262230A3003B88DD /* Colors */,
				6F5CF491262230B6003B88DD /* Fonts */,
				6F92355D26222D9F00C45F4B /* Storyboards */,
				6F92355E26222DA700C45F4B /* Assets */,
			);
			path = Resources;
			sourceTree = "<group>";
		};
		6F92355D26222D9F00C45F4B /* Storyboards */ = {
			isa = PBXGroup;
			children = (
				6FF032F42631FB6000660BFE /* ResetPassword */,
				6F4E62F826306879000B276D /* Forget Password */,
				6FDECC0E2628658800A6F284 /* Map */,
				6F1B79E426257F0F0049C34E /* ChooseAccount */,
				6FE929CD262308D100C525DB /* Auth */,
			);
			path = Storyboards;
			sourceTree = "<group>";
		};
		6F92355E26222DA700C45F4B /* Assets */ = {
			isa = PBXGroup;
			children = (
				6F5CF49D26223473003B88DD /* AssetsManager.swift */,
				6F9235372622270E00C45F4B /* Assets.xcassets */,
			);
			path = Assets;
			sourceTree = "<group>";
		};
		6FA37BEF2A0A5D580064DE91 /* UINotificationsCenter  */ = {
			isa = PBXGroup;
			children = (
				6FA37BF02A0A5DDA0064DE91 /* UINotificationsCenter+Check .swift */,
			);
			name = "UINotificationsCenter ";
			sourceTree = "<group>";
		};
		6FB365C82632194900DDA501 /* Auth */ = {
			isa = PBXGroup;
			children = (
				6FC95AF226373B0300D0CEAC /* SignupIndividual  */,
				6FEE11B6262618A400633C4F /* SignupStore */,
				6FE929D12623095300C525DB /* SignIn */,
				6FDE3E442634AA030017B885 /* SignupWork */,
			);
			path = Auth;
			sourceTree = "<group>";
		};
		6FC95AF226373B0300D0CEAC /* SignupIndividual  */ = {
			isa = PBXGroup;
			children = (
				6FC95AF326373B3E00D0CEAC /* SignupIndividualVC.swift */,
				6FC95AF526373B6B00D0CEAC /* SignupIndividualView.swift */,
			);
			path = "SignupIndividual ";
			sourceTree = "<group>";
		};
		6FDE3E442634AA030017B885 /* SignupWork */ = {
			isa = PBXGroup;
			children = (
				6FDE3E472634AA7C0017B885 /* SignupWorkVC.swift */,
				6FDE3E452634AA530017B885 /* SignupWorkView.swift */,
			);
			path = SignupWork;
			sourceTree = "<group>";
		};
		6FDECC0E2628658800A6F284 /* Map */ = {
			isa = PBXGroup;
			children = (
				6FDECC0F262865A200A6F284 /* Map.storyboard */,
			);
			path = Map;
			sourceTree = "<group>";
		};
		6FDECC112628673700A6F284 /* Map */ = {
			isa = PBXGroup;
			children = (
				6FDECC122628674800A6F284 /* MapVC.swift */,
				6FDECC142628675300A6F284 /* MapExtension.swift */,
			);
			path = Map;
			sourceTree = "<group>";
		};
		6FE929CD262308D100C525DB /* Auth */ = {
			isa = PBXGroup;
			children = (
				6FC7EB9E29D9B42F001E64EE /* Auth.storyboard */,
			);
			path = Auth;
			sourceTree = "<group>";
		};
		6FE929D02623093F00C525DB /* View */ = {
			isa = PBXGroup;
			children = (
				6FF032EF2631FAAA00660BFE /* ResetPassword */,
				6F4E62FB26306B83000B276D /* ForgetPassword */,
				6FDECC112628673700A6F284 /* Map */,
				6FB365C82632194900DDA501 /* Auth */,
				6F1B79DF26257EB00049C34E /* ChooseAccount */,
			);
			path = View;
			sourceTree = "<group>";
		};
		6FE929D12623095300C525DB /* SignIn */ = {
			isa = PBXGroup;
			children = (
				6FE929D42623099E00C525DB /* SigninVC.swift */,
				6FE929D22623098400C525DB /* SignInView.swift */,
			);
			path = SignIn;
			sourceTree = "<group>";
		};
		6FEE11B6262618A400633C4F /* SignupStore */ = {
			isa = PBXGroup;
			children = (
				6FEE11B92626198900633C4F /* SignupStoreVC.swift */,
				6FEE11B72626195000633C4F /* SignupStoreView.swift */,
			);
			path = SignupStore;
			sourceTree = "<group>";
		};
		6FF032EF2631FAAA00660BFE /* ResetPassword */ = {
			isa = PBXGroup;
			children = (
				6FF032F02631FAE000660BFE /* ResetPasswordVC.swift */,
				6FF032F22631FAF900660BFE /* ResetPasswordView.swift */,
			);
			path = ResetPassword;
			sourceTree = "<group>";
		};
		6FF032F42631FB6000660BFE /* ResetPassword */ = {
			isa = PBXGroup;
			children = (
				6FF032F52631FB8300660BFE /* ResetPassword.storyboard */,
			);
			path = ResetPassword;
			sourceTree = "<group>";
		};
		7F8C7E0E77DCA15420E67A41 /* Frameworks */ = {
			isa = PBXGroup;
			children = (
				087BBCC9BA32856E7D36F2BD /* Pods_Salek.framework */,
			);
			name = Frameworks;
			sourceTree = "<group>";
		};
		A3AA8E4639B7190B8FAA5101 /* Pods */ = {
			isa = PBXGroup;
			children = (
				B0DD8BF21FC3227E2FD10D36 /* Pods-Salek.debug.xcconfig */,
				E6CFBD317FE3BF08E24C4696 /* Pods-Salek.release.xcconfig */,
			);
			path = Pods;
			sourceTree = "<group>";
		};
/* End PBXGroup section */

/* Begin PBXNativeTarget section */
		6F92352A2622270D00C45F4B /* Salek */ = {
			isa = PBXNativeTarget;
			buildConfigurationList = 6F92353F2622270E00C45F4B /* Build configuration list for PBXNativeTarget "Salek" */;
			buildPhases = (
				5BC4B32566FD7E518D64D930 /* [CP] Check Pods Manifest.lock */,
				6F5CF4A126223581003B88DD /* SwiftGen */,
				6F9235272622270D00C45F4B /* Sources */,
				6F9235282622270D00C45F4B /* Frameworks */,
				6F9235292622270D00C45F4B /* Resources */,
				98EA669623E1E6BFC8492755 /* [CP] Embed Pods Frameworks */,
			);
			buildRules = (
			);
			dependencies = (
			);
			name = Salek;
			productName = Salek;
			productReference = 6F92352B2622270D00C45F4B /* Salek.app */;
			productType = "com.apple.product-type.application";
		};
/* End PBXNativeTarget section */

/* Begin PBXProject section */
		6F9235232622270D00C45F4B /* Project object */ = {
			isa = PBXProject;
			attributes = {
				LastSwiftUpdateCheck = 1170;
				LastUpgradeCheck = 1420;
				ORGANIZATIONNAME = "Divo Ayman";
				TargetAttributes = {
					6F92352A2622270D00C45F4B = {
						CreatedOnToolsVersion = 11.7;
					};
				};
			};
			buildConfigurationList = 6F9235262622270D00C45F4B /* Build configuration list for PBXProject "Salek" */;
			compatibilityVersion = "Xcode 9.3";
			developmentRegion = en;
			hasScannedForEncodings = 0;
			knownRegions = (
				en,
				ar,
			);
			mainGroup = 6F9235222622270D00C45F4B;
			productRefGroup = 6F92352C2622270D00C45F4B /* Products */;
			projectDirPath = "";
			projectRoot = "";
			targets = (
				6F92352A2622270D00C45F4B /* Salek */,
			);
		};
/* End PBXProject section */

/* Begin PBXResourcesBuildPhase section */
		6F9235292622270D00C45F4B /* Resources */ = {
			isa = PBXResourcesBuildPhase;
			buildActionMask = 2147483647;
			files = (
				6FF604452622546E0019627F /* Localizable.strings in Resources */,
				6FF032F62631FB8300660BFE /* ResetPassword.storyboard in Resources */,
				6F92353B2622270E00C45F4B /* LaunchScreen.storyboard in Resources */,
				6F259EFD2624C89B00C8125B /* nunito-regular_[allfont.net].ttf in Resources */,
				6F259EFF2624C89B00C8125B /* Nunito-SemiBold.ttf in Resources */,
				6F4E62FA263068DC000B276D /* ForgatePassword.storyboard in Resources */,
				6F9235382622270E00C45F4B /* Assets.xcassets in Resources */,
				6F5CF4942622334F003B88DD /* color.txt in Resources */,
				6F0E4DB5264DA4340001C566 /* Nunito Light.ttf in Resources */,
				6F259EFE2624C89B00C8125B /* Library 3 am.otf in Resources */,
				6F1B79E626257F260049C34E /* Choose.storyboard in Resources */,
				6F259EFC2624C89B00C8125B /* Library 3 am soft.otf in Resources */,
				6FC7EB9C29D9B42F001E64EE /* Auth.storyboard in Resources */,
				6FF32D022625A25A003DE090 /* Nunito Bold.ttf in Resources */,
				6FDECC10262865A200A6F284 /* Map.storyboard in Resources */,
			);
			runOnlyForDeploymentPostprocessing = 0;
		};
/* End PBXResourcesBuildPhase section */

/* Begin PBXShellScriptBuildPhase section */
		5BC4B32566FD7E518D64D930 /* [CP] Check Pods Manifest.lock */ = {
			isa = PBXShellScriptBuildPhase;
			buildActionMask = 2147483647;
			files = (
			);
			inputFileListPaths = (
			);
			inputPaths = (
				"${PODS_PODFILE_DIR_PATH}/Podfile.lock",
				"${PODS_ROOT}/Manifest.lock",
			);
			name = "[CP] Check Pods Manifest.lock";
			outputFileListPaths = (
			);
			outputPaths = (
				"$(DERIVED_FILE_DIR)/Pods-Salek-checkManifestLockResult.txt",
			);
			runOnlyForDeploymentPostprocessing = 0;
			shellPath = /bin/sh;
			shellScript = "diff \"${PODS_PODFILE_DIR_PATH}/Podfile.lock\" \"${PODS_ROOT}/Manifest.lock\" > /dev/null\nif [ $? != 0 ] ; then\n    # print error to STDERR\n    echo \"error: The sandbox is not in sync with the Podfile.lock. Run 'pod install' or update your CocoaPods installation.\" >&2\n    exit 1\nfi\n# This output is used by Xcode 'outputs' to avoid re-running this script phase.\necho \"SUCCESS\" > \"${SCRIPT_OUTPUT_FILE_0}\"\n";
			showEnvVarsInLog = 0;
		};
		6F5CF4A126223581003B88DD /* SwiftGen */ = {
			isa = PBXShellScriptBuildPhase;
			buildActionMask = 2147483647;
			files = (
			);
			inputFileListPaths = (
			);
			inputPaths = (
			);
			name = SwiftGen;
			outputFileListPaths = (
			);
			outputPaths = (
			);
			runOnlyForDeploymentPostprocessing = 0;
			shellPath = /bin/sh;
			shellScript = "# Type a script or drag a script file from your workspace to insert its path.\n$PODS_ROOT/SwiftGen/bin/swiftgen\n";
		};
		98EA669623E1E6BFC8492755 /* [CP] Embed Pods Frameworks */ = {
			isa = PBXShellScriptBuildPhase;
			buildActionMask = 2147483647;
			files = (
			);
			inputFileListPaths = (
				"${PODS_ROOT}/Target Support Files/Pods-Salek/Pods-Salek-frameworks-${CONFIGURATION}-input-files.xcfilelist",
			);
			name = "[CP] Embed Pods Frameworks";
			outputFileListPaths = (
				"${PODS_ROOT}/Target Support Files/Pods-Salek/Pods-Salek-frameworks-${CONFIGURATION}-output-files.xcfilelist",
			);
			runOnlyForDeploymentPostprocessing = 0;
			shellPath = /bin/sh;
			shellScript = "\"${PODS_ROOT}/Target Support Files/Pods-Salek/Pods-Salek-frameworks.sh\"\n";
			showEnvVarsInLog = 0;
		};
/* End PBXShellScriptBuildPhase section */

/* Begin PBXSourcesBuildPhase section */
		6F9235272622270D00C45F4B /* Sources */ = {
			isa = PBXSourcesBuildPhase;
			buildActionMask = 2147483647;
			files = (
				6FDE3E482634AA7C0017B885 /* SignupWorkVC.swift in Sources */,
				6FDECC152628675300A6F284 /* MapExtension.swift in Sources */,
				6F92355426222C0800C45F4B /* UIColor+ConvertHex.swift in Sources */,
				6F5CF49C2622344E003B88DD /* Colors.swift in Sources */,
				6FF032F32631FAF900660BFE /* ResetPasswordView.swift in Sources */,
				6F9235332622270D00C45F4B /* ViewController.swift in Sources */,
				6F92354926222A4000C45F4B /* UIButton+SetCommon.swift in Sources */,
				6FF032F12631FAE000660BFE /* ResetPasswordVC.swift in Sources */,
				6FEE11B82626195000633C4F /* SignupStoreView.swift in Sources */,
				6F02F7E926279C8C00E017CF /* Validator.swift in Sources */,
				6FDE3E462634AA530017B885 /* SignupWorkView.swift in Sources */,
				6F92352F2622270D00C45F4B /* AppDelegate.swift in Sources */,
				6F5CF4A826223896003B88DD /* Constants.swift in Sources */,
				6FD88D682638B75100479DF0 /* ScrollView+upToEmptyViewController.swift in Sources */,
				6F1B79E326257F000049C34E /* ChooseAccountView.swift in Sources */,
				6F5CF4A62622378A003B88DD /* APIManager.swift in Sources */,
				6F02F7E72627963200E017CF /* SigninViewModel.swift in Sources */,
				6F92354F26222A7B00C45F4B /* UIViewController+Alert.swift in Sources */,
				6FC95AF626373B6B00D0CEAC /* SignupIndividualView.swift in Sources */,
				6FB365C7263217B700DDA501 /* ForgetPasswordViewModel.swift in Sources */,
				6FD88D6A2638BF3200479DF0 /* SignupIndividualViewModel.swift in Sources */,
				6FDECC132628674800A6F284 /* MapVC.swift in Sources */,
				6F92355726222C5600C45F4B /* TextFiled+Padding.swift in Sources */,
				6F4E630226308913000B276D /* VerificationCodeView'.swift in Sources */,
				6FE929D52623099E00C525DB /* SigninVC.swift in Sources */,
				6F1B79E126257EE70049C34E /* ChooseAccountVC.swift in Sources */,
				6F5CF4A52622378A003B88DD /* APIRouter.swift in Sources */,
				6F4E62FD26306BCE000B276D /* ForgetPasswordVC.swift in Sources */,
				6F2CC8222627203800CBC638 /* UIViewControllerr+SetNavigation.swift in Sources */,
				6FA37BF12A0A5DDA0064DE91 /* UINotificationsCenter+Check .swift in Sources */,
				6F4E63042630893D000B276D /* VerificationCodeVC.swift in Sources */,
				6FD88D6626389FA300479DF0 /* SignupWorkViewModel.swift in Sources */,
				6F5CF49E26223473003B88DD /* AssetsManager.swift in Sources */,
				6FA37BF52A0A721F0064DE91 /* Strings.swift in Sources */,
				6FEE11BA2626198900633C4F /* SignupStoreVC.swift in Sources */,
				6FE929D32623098400C525DB /* SignInView.swift in Sources */,
				6F4E62FF26306BF5000B276D /* ForgetPasswordView.swift in Sources */,
				6F259EF72624C7A700C8125B /* FontManager.swift in Sources */,
				6FFEBCF3262EE1C700B77997 /* SignupStoreViewModel.swift in Sources */,
				6F92355026222A7B00C45F4B /* UIViewController+Create.swift in Sources */,
				6FC95AF426373B3E00D0CEAC /* SignupIndividualVC.swift in Sources */,
			);
			runOnlyForDeploymentPostprocessing = 0;
		};
/* End PBXSourcesBuildPhase section */

/* Begin PBXVariantGroup section */
		6F9235392622270E00C45F4B /* LaunchScreen.storyboard */ = {
			isa = PBXVariantGroup;
			children = (
				6F61940029DC6684009E9ACE /* en */,
			);
			name = LaunchScreen.storyboard;
			sourceTree = "<group>";
		};
		6FC7EB9E29D9B42F001E64EE /* Auth.storyboard */ = {
			isa = PBXVariantGroup;
			children = (
				6FC7EB9F29D9B7E5001E64EE /* ar */,
				6F6193FF29DC6683009E9ACE /* en */,
			);
			name = Auth.storyboard;
			sourceTree = "<group>";
		};
		6FF604472622546E0019627F /* Localizable.strings */ = {
			isa = PBXVariantGroup;
			children = (
				6FF604462622546E0019627F /* en */,
				6F3EB20029D721A5002BA532 /* ar */,
			);
			name = Localizable.strings;
			sourceTree = "<group>";
			usesTabs = 0;
		};
/* End PBXVariantGroup section */

/* Begin XCBuildConfiguration section */
		6F92353D2622270E00C45F4B /* Debug */ = {
			isa = XCBuildConfiguration;
			buildSettings = {
				ALWAYS_SEARCH_USER_PATHS = NO;
				CLANG_ANALYZER_LOCALIZABILITY_NONLOCALIZED = YES;
				CLANG_ANALYZER_NONNULL = YES;
				CLANG_ANALYZER_NUMBER_OBJECT_CONVERSION = YES_AGGRESSIVE;
				CLANG_CXX_LANGUAGE_STANDARD = "gnu++14";
				CLANG_CXX_LIBRARY = "libc++";
				CLANG_ENABLE_MODULES = YES;
				CLANG_ENABLE_OBJC_ARC = YES;
				CLANG_ENABLE_OBJC_WEAK = YES;
				CLANG_WARN_BLOCK_CAPTURE_AUTORELEASING = YES;
				CLANG_WARN_BOOL_CONVERSION = YES;
				CLANG_WARN_COMMA = YES;
				CLANG_WARN_CONSTANT_CONVERSION = YES;
				CLANG_WARN_DEPRECATED_OBJC_IMPLEMENTATIONS = YES;
				CLANG_WARN_DIRECT_OBJC_ISA_USAGE = YES_ERROR;
				CLANG_WARN_DOCUMENTATION_COMMENTS = YES;
				CLANG_WARN_EMPTY_BODY = YES;
				CLANG_WARN_ENUM_CONVERSION = YES;
				CLANG_WARN_INFINITE_RECURSION = YES;
				CLANG_WARN_INT_CONVERSION = YES;
				CLANG_WARN_NON_LITERAL_NULL_CONVERSION = YES;
				CLANG_WARN_OBJC_IMPLICIT_RETAIN_SELF = YES;
				CLANG_WARN_OBJC_LITERAL_CONVERSION = YES;
				CLANG_WARN_OBJC_ROOT_CLASS = YES_ERROR;
				CLANG_WARN_QUOTED_INCLUDE_IN_FRAMEWORK_HEADER = YES;
				CLANG_WARN_RANGE_LOOP_ANALYSIS = YES;
				CLANG_WARN_STRICT_PROTOTYPES = YES;
				CLANG_WARN_SUSPICIOUS_MOVE = YES;
				CLANG_WARN_UNGUARDED_AVAILABILITY = YES_AGGRESSIVE;
				CLANG_WARN_UNREACHABLE_CODE = YES;
				CLANG_WARN__DUPLICATE_METHOD_MATCH = YES;
				COPY_PHASE_STRIP = NO;
				DEBUG_INFORMATION_FORMAT = dwarf;
				ENABLE_STRICT_OBJC_MSGSEND = YES;
				ENABLE_TESTABILITY = YES;
				GCC_C_LANGUAGE_STANDARD = gnu11;
				GCC_DYNAMIC_NO_PIC = NO;
				GCC_NO_COMMON_BLOCKS = YES;
				GCC_OPTIMIZATION_LEVEL = 0;
				GCC_PREPROCESSOR_DEFINITIONS = (
					"DEBUG=1",
					"$(inherited)",
				);
				GCC_WARN_64_TO_32_BIT_CONVERSION = YES;
				GCC_WARN_ABOUT_RETURN_TYPE = YES_ERROR;
				GCC_WARN_UNDECLARED_SELECTOR = YES;
				GCC_WARN_UNINITIALIZED_AUTOS = YES_AGGRESSIVE;
				GCC_WARN_UNUSED_FUNCTION = YES;
				GCC_WARN_UNUSED_VARIABLE = YES;
				IPHONEOS_DEPLOYMENT_TARGET = 13.0;
				MTL_ENABLE_DEBUG_INFO = INCLUDE_SOURCE;
				MTL_FAST_MATH = YES;
				ONLY_ACTIVE_ARCH = YES;
				SDKROOT = iphoneos;
				SWIFT_ACTIVE_COMPILATION_CONDITIONS = DEBUG;
				SWIFT_OPTIMIZATION_LEVEL = "-Onone";
			};
			name = Debug;
		};
		6F92353E2622270E00C45F4B /* Release */ = {
			isa = XCBuildConfiguration;
			buildSettings = {
				ALWAYS_SEARCH_USER_PATHS = NO;
				CLANG_ANALYZER_LOCALIZABILITY_NONLOCALIZED = YES;
				CLANG_ANALYZER_NONNULL = YES;
				CLANG_ANALYZER_NUMBER_OBJECT_CONVERSION = YES_AGGRESSIVE;
				CLANG_CXX_LANGUAGE_STANDARD = "gnu++14";
				CLANG_CXX_LIBRARY = "libc++";
				CLANG_ENABLE_MODULES = YES;
				CLANG_ENABLE_OBJC_ARC = YES;
				CLANG_ENABLE_OBJC_WEAK = YES;
				CLANG_WARN_BLOCK_CAPTURE_AUTORELEASING = YES;
				CLANG_WARN_BOOL_CONVERSION = YES;
				CLANG_WARN_COMMA = YES;
				CLANG_WARN_CONSTANT_CONVERSION = YES;
				CLANG_WARN_DEPRECATED_OBJC_IMPLEMENTATIONS = YES;
				CLANG_WARN_DIRECT_OBJC_ISA_USAGE = YES_ERROR;
				CLANG_WARN_DOCUMENTATION_COMMENTS = YES;
				CLANG_WARN_EMPTY_BODY = YES;
				CLANG_WARN_ENUM_CONVERSION = YES;
				CLANG_WARN_INFINITE_RECURSION = YES;
				CLANG_WARN_INT_CONVERSION = YES;
				CLANG_WARN_NON_LITERAL_NULL_CONVERSION = YES;
				CLANG_WARN_OBJC_IMPLICIT_RETAIN_SELF = YES;
				CLANG_WARN_OBJC_LITERAL_CONVERSION = YES;
				CLANG_WARN_OBJC_ROOT_CLASS = YES_ERROR;
				CLANG_WARN_QUOTED_INCLUDE_IN_FRAMEWORK_HEADER = YES;
				CLANG_WARN_RANGE_LOOP_ANALYSIS = YES;
				CLANG_WARN_STRICT_PROTOTYPES = YES;
				CLANG_WARN_SUSPICIOUS_MOVE = YES;
				CLANG_WARN_UNGUARDED_AVAILABILITY = YES_AGGRESSIVE;
				CLANG_WARN_UNREACHABLE_CODE = YES;
				CLANG_WARN__DUPLICATE_METHOD_MATCH = YES;
				COPY_PHASE_STRIP = NO;
				DEBUG_INFORMATION_FORMAT = "dwarf-with-dsym";
				ENABLE_NS_ASSERTIONS = NO;
				ENABLE_STRICT_OBJC_MSGSEND = YES;
				GCC_C_LANGUAGE_STANDARD = gnu11;
				GCC_NO_COMMON_BLOCKS = YES;
				GCC_WARN_64_TO_32_BIT_CONVERSION = YES;
				GCC_WARN_ABOUT_RETURN_TYPE = YES_ERROR;
				GCC_WARN_UNDECLARED_SELECTOR = YES;
				GCC_WARN_UNINITIALIZED_AUTOS = YES_AGGRESSIVE;
				GCC_WARN_UNUSED_FUNCTION = YES;
				GCC_WARN_UNUSED_VARIABLE = YES;
				IPHONEOS_DEPLOYMENT_TARGET = 13.0;
				MTL_ENABLE_DEBUG_INFO = NO;
				MTL_FAST_MATH = YES;
				SDKROOT = iphoneos;
				SWIFT_COMPILATION_MODE = wholemodule;
				SWIFT_OPTIMIZATION_LEVEL = "-O";
				VALIDATE_PRODUCT = YES;
			};
			name = Release;
		};
		6F9235402622270E00C45F4B /* Debug */ = {
			isa = XCBuildConfiguration;
			baseConfigurationReference = B0DD8BF21FC3227E2FD10D36 /* Pods-Salek.debug.xcconfig */;
			buildSettings = {
				ASSETCATALOG_COMPILER_APPICON_NAME = AppIcon;
				CODE_SIGN_STYLE = Automatic;
				DEVELOPMENT_TEAM = 84C25XMNTG;
				INFOPLIST_FILE = Salek/Info.plist;
				IPHONEOS_DEPLOYMENT_TARGET = 12.0;
				LD_RUNPATH_SEARCH_PATHS = (
					"$(inherited)",
					"@executable_path/Frameworks",
				);
				PRODUCT_BUNDLE_IDENTIFIER = "com.Divo-Ayman.Salek.Salek";
				PRODUCT_NAME = "$(TARGET_NAME)";
				SWIFT_VERSION = 5.0;
				TARGETED_DEVICE_FAMILY = 1;
			};
			name = Debug;
		};
		6F9235412622270E00C45F4B /* Release */ = {
			isa = XCBuildConfiguration;
			baseConfigurationReference = E6CFBD317FE3BF08E24C4696 /* Pods-Salek.release.xcconfig */;
			buildSettings = {
				ASSETCATALOG_COMPILER_APPICON_NAME = AppIcon;
				CODE_SIGN_STYLE = Automatic;
				DEVELOPMENT_TEAM = 84C25XMNTG;
				INFOPLIST_FILE = Salek/Info.plist;
				IPHONEOS_DEPLOYMENT_TARGET = 12.0;
				LD_RUNPATH_SEARCH_PATHS = (
					"$(inherited)",
					"@executable_path/Frameworks",
				);
				PRODUCT_BUNDLE_IDENTIFIER = "com.Divo-Ayman.Salek.Salek";
				PRODUCT_NAME = "$(TARGET_NAME)";
				SWIFT_VERSION = 5.0;
				TARGETED_DEVICE_FAMILY = 1;
			};
			name = Release;
		};
/* End XCBuildConfiguration section */

/* Begin XCConfigurationList section */
		6F9235262622270D00C45F4B /* Build configuration list for PBXProject "Salek" */ = {
			isa = XCConfigurationList;
			buildConfigurations = (
				6F92353D2622270E00C45F4B /* Debug */,
				6F92353E2622270E00C45F4B /* Release */,
			);
			defaultConfigurationIsVisible = 0;
			defaultConfigurationName = Release;
		};
		6F92353F2622270E00C45F4B /* Build configuration list for PBXNativeTarget "Salek" */ = {
			isa = XCConfigurationList;
			buildConfigurations = (
				6F9235402622270E00C45F4B /* Debug */,
				6F9235412622270E00C45F4B /* Release */,
			);
			defaultConfigurationIsVisible = 0;
			defaultConfigurationName = Release;
		};
/* End XCConfigurationList section */
	};
	rootObject = 6F9235232622270D00C45F4B /* Project object */;
}
